# This file is generated by running "yarn install" inside your project.
# Manual changes might be lost - proceed with caution!

__metadata:
  version: 4
  cacheKey: 8

"@popperjs/core@npm:^2.9.3":
  version: 2.9.3
  resolution: "@popperjs/core@npm:2.9.3"
  checksum: 4cb94c271eaa13416ab8169c6af778c5b6160614351a79c68e8219d6ee0a40b8f71080ca29e139591c7c0c8e08fc1627d0e18d40a64609713a42b58d683a009d
  languageName: node
  linkType: hard

"bootstrap-daterangepicker@npm:^3.1.0":
  version: 3.1.0
  resolution: "bootstrap-daterangepicker@npm:3.1.0"
  dependencies:
    jquery: ">=1.10"
    moment: ^2.9.0
  checksum: 3a45c28d4839b41984147bb58fa124e3fb01fa65c1b106b1278448c3440414a7489bd82af83e2d237fba227463f3f4381ca00689058b51db1e4d6868f6218490
  languageName: node
  linkType: hard

"bootstrap@npm:^5.1.0":
  version: 5.1.0
  resolution: "bootstrap@npm:5.1.0"
  peerDependencies:
    "@popperjs/core": ^2.9.3
  checksum: 1e556b71c47b55f6411f789e6d43986f6a3646875f1bef47ee8b1bc16e5d395e75b275d207d6bda7d9752d0573eb4ee5faecb03ebea17dca6259ac8dd68a6aea
  languageName: node
  linkType: hard

"chart.js@npm:^3.5.0":
  version: 3.5.0
  resolution: "chart.js@npm:3.5.0"
  checksum: 9ce5400b3e98000511a727968bbbbc06988e9b76e964f7fb22c078cd733756604a04692c255d4e91a8c7a0cb963f9e40190bee16bb2c9640bd34a255267aff5f
  languageName: node
  linkType: hard

"docker-speedtest-analyser@workspace:.":
  version: 0.0.0-use.local
  resolution: "docker-speedtest-analyser@workspace:."
  dependencies:
    "@popperjs/core": ^2.9.3
    bootstrap: ^5.1.0
    bootstrap-daterangepicker: ^3.1.0
    chart.js: ^3.5.0
    jquery: ^3.6.0
    moment: ^2.29.1
    papaparse: ^5.3.1
    popper.js: ^1.16.1
  dependenciesMeta:
    bootstrap-daterangepicker@3.1.0:
      unplugged: true
    bootstrap@5.1.0:
      unplugged: true
    chart.js@3.5.0:
      unplugged: true
    jquery@3.6.0:
      unplugged: true
    moment@2.29.1:
      unplugged: true
    papaparse@5.3.1:
      unplugged: true
    popper.js@1.16.1:
      unplugged: true
  languageName: unknown
  linkType: soft

"jquery@npm:>=1.10, jquery@npm:^3.6.0":
  version: 3.6.0
  resolution: "jquery@npm:3.6.0"
  checksum: 8fd5fef4aa48fd374ec716dd1c1df1af407814a228e15c1260ca140de3a697c2a77c30c54ff1d238b6a3ab4ddc445ddeef9adce6c6d28e4869d85eb9d3951c0e
  languageName: node
  linkType: hard

"moment@npm:^2.29.1, moment@npm:^2.9.0":
  version: 2.29.1
  resolution: "moment@npm:2.29.1"
  checksum: 1e14d5f422a2687996be11dd2d50c8de3bd577c4a4ca79ba5d02c397242a933e5b941655de6c8cb90ac18f01cc4127e55b4a12ae3c527a6c0a274e455979345e
  languageName: node
  linkType: hard

"papaparse@npm:^5.3.1":
  version: 5.3.1
  resolution: "papaparse@npm:5.3.1"
  checksum: 3431917bb46f8952e49ca64ecc9107ddf05291573ef666c8fac4e172b57780d131f1af925b47841039bd5ae0ceadc2eafbcb8183c092307442f85eed11f82b69
  languageName: node
  linkType: hard

"popper.js@npm:^1.16.1":
  version: 1.16.1
  resolution: "popper.js@npm:1.16.1"
  checksum: c56ae5001ec50a77ee297a8061a0221d99d25c7348d2e6bcd3e45a0d0f32a1fd81bca29d46cb0d4bdf13efb77685bd6a0ce93f9eb3c608311a461f945fffedbe
  languageName: node
  linkType: hard
